// !$*UTF8*$!
{
	archiveVersion = 1;
	classes = {
	};
	objectVersion = 50;
	objects = {

/* Begin PBXBuildFile section */
		785F800120D02E7D00406B32 /* AppDelegate.swift in Sources */ = {isa = PBXBuildFile; fileRef = 785F800020D02E7D00406B32 /* AppDelegate.swift */; };
		785F800520D02E7E00406B32 /* Assets.xcassets in Resources */ = {isa = PBXBuildFile; fileRef = 785F800420D02E7E00406B32 /* Assets.xcassets */; };
		785F800820D02E7E00406B32 /* Main.storyboard in Resources */ = {isa = PBXBuildFile; fileRef = 785F800620D02E7E00406B32 /* Main.storyboard */; };
		785F802E20D057D800406B32 /* BatteryAlert.swift in Sources */ = {isa = PBXBuildFile; fileRef = 785F802D20D057D800406B32 /* BatteryAlert.swift */; };
		78616DA620E2C3C0006FB011 /* AlertVC.swift in Sources */ = {isa = PBXBuildFile; fileRef = 78616DA520E2C3C0006FB011 /* AlertVC.swift */; };
/* End PBXBuildFile section */

/* Begin PBXFileReference section */
		785F7FFD20D02E7D00406B32 /* BatteryAlert.app */ = {isa = PBXFileReference; explicitFileType = wrapper.application; includeInIndex = 0; path = BatteryAlert.app; sourceTree = BUILT_PRODUCTS_DIR; };
		785F800020D02E7D00406B32 /* AppDelegate.swift */ = {isa = PBXFileReference; lastKnownFileType = sourcecode.swift; path = AppDelegate.swift; sourceTree = "<group>"; };
		785F800420D02E7E00406B32 /* Assets.xcassets */ = {isa = PBXFileReference; lastKnownFileType = folder.assetcatalog; path = Assets.xcassets; sourceTree = "<group>"; };
		785F800720D02E7E00406B32 /* Base */ = {isa = PBXFileReference; lastKnownFileType = file.storyboard; name = Base; path = Base.lproj/Main.storyboard; sourceTree = "<group>"; };
		785F800920D02E7E00406B32 /* Info.plist */ = {isa = PBXFileReference; lastKnownFileType = text.plist.xml; path = Info.plist; sourceTree = "<group>"; };
		785F800A20D02E7E00406B32 /* BatteryAlert.entitlements */ = {isa = PBXFileReference; lastKnownFileType = text.plist.entitlements; path = BatteryAlert.entitlements; sourceTree = "<group>"; };
		785F802A20D0555900406B32 /* BatteryAlert-Bridging-Header.h */ = {isa = PBXFileReference; lastKnownFileType = sourcecode.c.h; path = "BatteryAlert-Bridging-Header.h"; sourceTree = "<group>"; };
		785F802D20D057D800406B32 /* BatteryAlert.swift */ = {isa = PBXFileReference; lastKnownFileType = sourcecode.swift; path = BatteryAlert.swift; sourceTree = "<group>"; };
		78616DA520E2C3C0006FB011 /* AlertVC.swift */ = {isa = PBXFileReference; lastKnownFileType = sourcecode.swift; path = AlertVC.swift; sourceTree = "<group>"; };
/* End PBXFileReference section */

/* Begin PBXFrameworksBuildPhase section */
		785F7FFA20D02E7D00406B32 /* Frameworks */ = {
			isa = PBXFrameworksBuildPhase;
			buildActionMask = 2147483647;
			files = (
			);
			runOnlyForDeploymentPostprocessing = 0;
		};
/* End PBXFrameworksBuildPhase section */

/* Begin PBXGroup section */
		785F7FF420D02E7D00406B32 = {
			isa = PBXGroup;
			children = (
				785F7FFF20D02E7D00406B32 /* BatteryAlert */,
				785F7FFE20D02E7D00406B32 /* Products */,
			);
			sourceTree = "<group>";
		};
		785F7FFE20D02E7D00406B32 /* Products */ = {
			isa = PBXGroup;
			children = (
				785F7FFD20D02E7D00406B32 /* BatteryAlert.app */,
			);
			name = Products;
			sourceTree = "<group>";
		};
		785F7FFF20D02E7D00406B32 /* BatteryAlert */ = {
			isa = PBXGroup;
			children = (
				785F800020D02E7D00406B32 /* AppDelegate.swift */,
				785F802D20D057D800406B32 /* BatteryAlert.swift */,
				78616DA520E2C3C0006FB011 /* AlertVC.swift */,
				785F800420D02E7E00406B32 /* Assets.xcassets */,
				785F800620D02E7E00406B32 /* Main.storyboard */,
				785F800920D02E7E00406B32 /* Info.plist */,
				785F800A20D02E7E00406B32 /* BatteryAlert.entitlements */,
				785F802A20D0555900406B32 /* BatteryAlert-Bridging-Header.h */,
			);
			path = BatteryAlert;
			sourceTree = "<group>";
		};
/* End PBXGroup section */

/* Begin PBXNativeTarget section */
		785F7FFC20D02E7D00406B32 /* BatteryAlert */ = {
			isa = PBXNativeTarget;
			buildConfigurationList = 785F800D20D02E7E00406B32 /* Build configuration list for PBXNativeTarget "BatteryAlert" */;
			buildPhases = (
				785F7FF920D02E7D00406B32 /* Sources */,
				785F7FFA20D02E7D00406B32 /* Frameworks */,
				785F7FFB20D02E7D00406B32 /* Resources */,
			);
			buildRules = (
			);
			dependencies = (
			);
			name = BatteryAlert;
			productName = BatteryAlert;
			productReference = 785F7FFD20D02E7D00406B32 /* BatteryAlert.app */;
			productType = "com.apple.product-type.application";
		};
/* End PBXNativeTarget section */

/* Begin PBXProject section */
		785F7FF520D02E7D00406B32 /* Project object */ = {
			isa = PBXProject;
			attributes = {
				LastSwiftUpdateCheck = 0940;
				LastUpgradeCheck = 0940;
				ORGANIZATIONNAME = "Nazar Pallaev";
				TargetAttributes = {
					785F7FFC20D02E7D00406B32 = {
						CreatedOnToolsVersion = 9.4;
						LastSwiftMigration = 0940;
						SystemCapabilities = {
							com.apple.Sandbox = {
								enabled = 1;
							};
						};
					};
				};
			};
			buildConfigurationList = 785F7FF820D02E7D00406B32 /* Build configuration list for PBXProject "BatteryAlert" */;
			compatibilityVersion = "Xcode 9.3";
			developmentRegion = en;
			hasScannedForEncodings = 0;
			knownRegions = (
				en,
				Base,
			);
			mainGroup = 785F7FF420D02E7D00406B32;
			productRefGroup = 785F7FFE20D02E7D00406B32 /* Products */;
			projectDirPath = "";
			projectRoot = "";
			targets = (
				785F7FFC20D02E7D00406B32 /* BatteryAlert */,
			);
		};
/* End PBXProject section */

/* Begin PBXResourcesBuildPhase section */
		785F7FFB20D02E7D00406B32 /* Resources */ = {
			isa = PBXResourcesBuildPhase;
			buildActionMask = 2147483647;
			files = (
				785F800520D02E7E00406B32 /* Assets.xcassets in Resources */,
				785F800820D02E7E00406B32 /* Main.storyboard in Resources */,
			);
			runOnlyForDeploymentPostprocessing = 0;
		};
/* End PBXResourcesBuildPhase section */

/* Begin PBXSourcesBuildPhase section */
		785F7FF920D02E7D00406B32 /* Sources */ = {
			isa = PBXSourcesBuildPhase;
			buildActionMask = 2147483647;
			files = (
				78616DA620E2C3C0006FB011 /* AlertVC.swift in Sources */,
				785F802E20D057D800406B32 /* BatteryAlert.swift in Sources */,
				785F800120D02E7D00406B32 /* AppDelegate.swift in Sources */,
			);
			runOnlyForDeploymentPostprocessing = 0;
		};
/* End PBXSourcesBuildPhase section */

/* Begin PBXVariantGroup section */
		785F800620D02E7E00406B32 /* Main.storyboard */ = {
			isa = PBXVariantGroup;
			children = (
				785F800720D02E7E00406B32 /* Base */,
			);
			name = Main.storyboard;
			sourceTree = "<group>";
		};
/* End PBXVariantGroup section */

/* Begin XCBuildConfiguration section */
		785F800B20D02E7E00406B32 /* Debug */ = {
			isa = XCBuildConfiguration;
			buildSettings = {
				ALWAYS_SEARCH_USER_PATHS = NO;
				CLANG_ANALYZER_NONNULL = YES;
				CLANG_ANALYZER_NUMBER_OBJECT_CONVERSION = YES_AGGRESSIVE;
				CLANG_CXX_LANGUAGE_STANDARD = "gnu++14";
				CLANG_CXX_LIBRARY = "libc++";
				CLANG_ENABLE_MODULES = YES;
				CLANG_ENABLE_OBJC_ARC = YES;
				CLANG_ENABLE_OBJC_WEAK = YES;
				CLANG_WARN_BLOCK_CAPTURE_AUTORELEASING = YES;
				CLANG_WARN_BOOL_CONVERSION = YES;
				CLANG_WARN_COMMA = YES;
				CLANG_WARN_CONSTANT_CONVERSION = YES;
				CLANG_WARN_DEPRECATED_OBJC_IMPLEMENTATIONS = YES;
				CLANG_WARN_DIRECT_OBJC_ISA_USAGE = YES_ERROR;
				CLANG_WARN_DOCUMENTATION_COMMENTS = YES;
				CLANG_WARN_EMPTY_BODY = YES;
				CLANG_WARN_ENUM_CONVERSION = YES;
				CLANG_WARN_INFINITE_RECURSION = YES;
				CLANG_WARN_INT_CONVERSION = YES;
				CLANG_WARN_NON_LITERAL_NULL_CONVERSION = YES;
				CLANG_WARN_OBJC_IMPLICIT_RETAIN_SELF = YES;
				CLANG_WARN_OBJC_LITERAL_CONVERSION = YES;
				CLANG_WARN_OBJC_ROOT_CLASS = YES_ERROR;
				CLANG_WARN_RANGE_LOOP_ANALYSIS = YES;
				CLANG_WARN_STRICT_PROTOTYPES = YES;
				CLANG_WARN_SUSPICIOUS_MOVE = YES;
				CLANG_WARN_UNGUARDED_AVAILABILITY = YES_AGGRESSIVE;
				CLANG_WARN_UNREACHABLE_CODE = YES;
				CLANG_WARN__DUPLICATE_METHOD_MATCH = YES;
				CODE_SIGN_IDENTITY = "Mac Developer";
				COPY_PHASE_STRIP = NO;
				DEBUG_INFORMATION_FORMAT = dwarf;
				ENABLE_STRICT_OBJC_MSGSEND = YES;
				ENABLE_TESTABILITY = YES;
				GCC_C_LANGUAGE_STANDARD = gnu11;
				GCC_DYNAMIC_NO_PIC = NO;
				GCC_NO_COMMON_BLOCKS = YES;
				GCC_OPTIMIZATION_LEVEL = 0;
				GCC_PREPROCESSOR_DEFINITIONS = (
					"DEBUG=1",
					"$(inherited)",
				);
				GCC_WARN_64_TO_32_BIT_CONVERSION = YES;
				GCC_WARN_ABOUT_RETURN_TYPE = YES_ERROR;
				GCC_WARN_UNDECLARED_SELECTOR = YES;
				GCC_WARN_UNINITIALIZED_AUTOS = YES_AGGRESSIVE;
				GCC_WARN_UNUSED_FUNCTION = YES;
				GCC_WARN_UNUSED_VARIABLE = YES;
				MACOSX_DEPLOYMENT_TARGET = 10.13;
				MTL_ENABLE_DEBUG_INFO = YES;
				ONLY_ACTIVE_ARCH = YES;
				SDKROOT = macosx;
				SWIFT_ACTIVE_COMPILATION_CONDITIONS = DEBUG;
				SWIFT_OPTIMIZATION_LEVEL = "-Onone";
			};
			name = Debug;
		};
		785F800C20D02E7E00406B32 /* Release */ = {
			isa = XCBuildConfiguration;
			buildSettings = {
				ALWAYS_SEARCH_USER_PATHS = NO;
				CLANG_ANALYZER_NONNULL = YES;
				CLANG_ANALYZER_NUMBER_OBJECT_CONVERSION = YES_AGGRESSIVE;
				CLANG_CXX_LANGUAGE_STANDARD = "gnu++14";
				CLANG_CXX_LIBRARY = "libc++";
				CLANG_ENABLE_MODULES = YES;
				CLANG_ENABLE_OBJC_ARC = YES;
				CLANG_ENABLE_OBJC_WEAK = YES;
				CLANG_WARN_BLOCK_CAPTURE_AUTORELEASING = YES;
				CLANG_WARN_BOOL_CONVERSION = YES;
				CLANG_WARN_COMMA = YES;
				CLANG_WARN_CONSTANT_CONVERSION = YES;
				CLANG_WARN_DEPRECATED_OBJC_IMPLEMENTATIONS = YES;
				CLANG_WARN_DIRECT_OBJC_ISA_USAGE = YES_ERROR;
				CLANG_WARN_DOCUMENTATION_COMMENTS = YES;
				CLANG_WARN_EMPTY_BODY = YES;
				CLANG_WARN_ENUM_CONVERSION = YES;
				CLANG_WARN_INFINITE_RECURSION = YES;
				CLANG_WARN_INT_CONVERSION = YES;
				CLANG_WARN_NON_LITERAL_NULL_CONVERSION = YES;
				CLANG_WARN_OBJC_IMPLICIT_RETAIN_SELF = YES;
				CLANG_WARN_OBJC_LITERAL_CONVERSION = YES;
				CLANG_WARN_OBJC_ROOT_CLASS = YES_ERROR;
				CLANG_WARN_RANGE_LOOP_ANALYSIS = YES;
				CLANG_WARN_STRICT_PROTOTYPES = YES;
				CLANG_WARN_SUSPICIOUS_MOVE = YES;
				CLANG_WARN_UNGUARDED_AVAILABILITY = YES_AGGRESSIVE;
				CLANG_WARN_UNREACHABLE_CODE = YES;
				CLANG_WARN__DUPLICATE_METHOD_MATCH = YES;
				CODE_SIGN_IDENTITY = "Mac Developer";
				COPY_PHASE_STRIP = NO;
				DEBUG_INFORMATION_FORMAT = "dwarf-with-dsym";
				ENABLE_NS_ASSERTIONS = NO;
				ENABLE_STRICT_OBJC_MSGSEND = YES;
				GCC_C_LANGUAGE_STANDARD = gnu11;
				GCC_NO_COMMON_BLOCKS = YES;
				GCC_WARN_64_TO_32_BIT_CONVERSION = YES;
				GCC_WARN_ABOUT_RETURN_TYPE = YES_ERROR;
				GCC_WARN_UNDECLARED_SELECTOR = YES;
				GCC_WARN_UNINITIALIZED_AUTOS = YES_AGGRESSIVE;
				GCC_WARN_UNUSED_FUNCTION = YES;
				GCC_WARN_UNUSED_VARIABLE = YES;
				MACOSX_DEPLOYMENT_TARGET = 10.13;
				MTL_ENABLE_DEBUG_INFO = NO;
				SDKROOT = macosx;
				SWIFT_COMPILATION_MODE = wholemodule;
				SWIFT_OPTIMIZATION_LEVEL = "-O";
			};
			name = Release;
		};
		785F800E20D02E7E00406B32 /* Debug */ = {
			isa = XCBuildConfiguration;
			buildSettings = {
				ASSETCATALOG_COMPILER_APPICON_NAME = AppIcon;
				CLANG_ENABLE_MODULES = YES;
				CODE_SIGN_ENTITLEMENTS = BatteryAlert/BatteryAlert.entitlements;
				CODE_SIGN_IDENTITY = "Mac Developer";
				CODE_SIGN_STYLE = Manual;
				COMBINE_HIDPI_IMAGES = YES;
				DEVELOPMENT_TEAM = U8ACCLKBUH;
				INFOPLIST_FILE = BatteryAlert/Info.plist;
				LD_RUNPATH_SEARCH_PATHS = (
					"$(inherited)",
					"@executable_path/../Frameworks",
				);
				PRODUCT_BUNDLE_IDENTIFIER = BatteryAlert;
				PRODUCT_NAME = "$(TARGET_NAME)";
				PROVISIONING_PROFILE = "ce92e14f-7f08-4e61-b8a1-b1c54fe63007";
				PROVISIONING_PROFILE_SPECIFIER = BatteryAlertDev;
				SWIFT_OBJC_BRIDGING_HEADER = "BatteryAlert/BatteryAlert-Bridging-Header.h";
				SWIFT_OPTIMIZATION_LEVEL = "-Onone";
				SWIFT_VERSION = 4.0;
			};
			name = Debug;
		};
		785F800F20D02E7E00406B32 /* Release */ = {
			isa = XCBuildConfiguration;
			buildSettings = {
				ASSETCATALOG_COMPILER_APPICON_NAME = AppIcon;
				CLANG_ENABLE_MODULES = YES;
				CODE_SIGN_ENTITLEMENTS = BatteryAlert/BatteryAlert.entitlements;
				CODE_SIGN_IDENTITY = "Developer ID Application";
				CODE_SIGN_STYLE = Manual;
				COMBINE_HIDPI_IMAGES = YES;
				DEVELOPMENT_TEAM = U8ACCLKBUH;
				INFOPLIST_FILE = BatteryAlert/Info.plist;
				LD_RUNPATH_SEARCH_PATHS = (
					"$(inherited)",
					"@executable_path/../Frameworks",
				);
				PRODUCT_BUNDLE_IDENTIFIER = BatteryAlert;
				PRODUCT_NAME = "$(TARGET_NAME)";
				PROVISIONING_PROFILE = "";
				PROVISIONING_PROFILE_SPECIFIER = "";
				SWIFT_OBJC_BRIDGING_HEADER = "BatteryAlert/BatteryAlert-Bridging-Header.h";
				SWIFT_VERSION = 4.0;
			};
			name = Release;
		};
/* End XCBuildConfiguration section */

/* Begin XCConfigurationList section */
		785F7FF820D02E7D00406B32 /* Build configuration list for PBXProject "BatteryAlert" */ = {
			isa = XCConfigurationList;
			buildConfigurations = (
				785F800B20D02E7E00406B32 /* Debug */,
				785F800C20D02E7E00406B32 /* Release */,
			);
			defaultConfigurationIsVisible = 0;
			defaultConfigurationName = Release;
		};
		785F800D20D02E7E00406B32 /* Build configuration list for PBXNativeTarget "BatteryAlert" */ = {
			isa = XCConfigurationList;
			buildConfigurations = (
				785F800E20D02E7E00406B32 /* Debug */,
				785F800F20D02E7E00406B32 /* Release */,
			);
			defaultConfigurationIsVisible = 0;
			defaultConfigurationName = Release;
		};
/* End XCConfigurationList section */
	};
	rootObject = 785F7FF520D02E7D00406B32 /* Project object */;
}
